Microsoft Visual Studio Solution File, Format Version 12.00
# Visual Studio Version 17
VisualStudioVersion = 17.13.35931.197
MinimumVisualStudioVersion = 10.0.40219.1
Project("{FAE04EC0-301F-11D3-BF4B-00C04F79EFBC}") = "Pi", "Pi.csproj", "{6068A69E-413F-4096-9287-EDC098C9CC36}"
EndProject
Project("{2150E333-8FDC-42A3-9474-1A3956D46DE8}") = "Solution Items", "Solution Items", "{02EA681E-C7D8-13C7-8484-4AC65E1B71E8}"
	ProjectSection(SolutionItems) = preProject
		.editorconfig = .editorconfig
	EndProjectSection
EndProject
Project("{FAE04EC0-301F-11D3-BF4B-00C04F79EFBC}") = "pagina_inicial", "..\pagina_inicial\pagina_inicial.csproj", "{5E1D8AF2-44AF-4583-8BB6-ED4723452A54}"
EndProject
Global
	GlobalSection(SolutionConfigurationPlatforms) = preSolution
		Debug|Any CPU = Debug|Any CPU
		Release|Any CPU = Release|Any CPU
	EndGlobalSection
	GlobalSection(ProjectConfigurationPlatforms) = postSolution
		{6068A69E-413F-4096-9287-EDC098C9CC36}.Debug|Any CPU.ActiveCfg = Debug|Any CPU
		{6068A69E-413F-4096-9287-EDC098C9CC36}.Debug|Any CPU.Build.0 = Debug|Any CPU
		{6068A69E-413F-4096-9287-EDC098C9CC36}.Release|Any CPU.ActiveCfg = Release|Any CPU
		{6068A69E-413F-4096-9287-EDC098C9CC36}.Release|Any CPU.Build.0 = Release|Any CPU
		{5E1D8AF2-44AF-4583-8BB6-ED4723452A54}.Debug|Any CPU.ActiveCfg = Debug|Any CPU
		{5E1D8AF2-44AF-4583-8BB6-ED4723452A54}.Debug|Any CPU.Build.0 = Debug|Any CPU
		{5E1D8AF2-44AF-4583-8BB6-ED4723452A54}.Release|Any CPU.ActiveCfg = Release|Any CPU
		{5E1D8AF2-44AF-4583-8BB6-ED4723452A54}.Release|Any CPU.Build.0 = Release|Any CPU
	EndGlobalSection
	GlobalSection(SolutionProperties) = preSolution
		HideSolutionNode = FALSE
	EndGlobalSection
	GlobalSection(ExtensibilityGlobals) = postSolution
		SolutionGuid = {AABE80CD-F3D6-48FD-A241-BFC725F80E54}
	EndGlobalSection
EndGlobal
